
Microsoft Visual Studio Solution File, Format Version 12.00
# Visual Studio Version 16
VisualStudioVersion = 16.0.29215.179
MinimumVisualStudioVersion = 10.0.40219.1
Project("{FAE04EC0-301F-11D3-BF4B-00C04F79EFBC}") = "serial", "serial.csproj", "{38516225-2A80-4E55-BFDA-BD95F6B5F45A}"
EndProject
Global
	GlobalSection(SolutionConfigurationPlatforms) = preSolution
		Debug|Any CPU = Debug|Any CPU
		Release|Any CPU = Release|Any CPU
	EndGlobalSection
	GlobalSection(ProjectConfigurationPlatforms) = postSolution
		{38516225-2A80-4E55-BFDA-BD95F6B5F45A}.Debug|Any CPU.ActiveCfg = Debug|Any CPU
		{38516225-2A80-4E55-BFDA-BD95F6B5F45A}.Debug|Any CPU.Build.0 = Debug|Any CPU
		{38516225-2A80-4E55-BFDA-BD95F6B5F45A}.Release|Any CPU.ActiveCfg = Release|Any CPU
		{38516225-2A80-4E55-BFDA-BD95F6B5F45A}.Release|Any CPU.Build.0 = Release|Any CPU
	EndGlobalSection
	GlobalSection(SolutionProperties) = preSolution
		HideSolutionNode = FALSE
	EndGlobalSection
	GlobalSection(ExtensibilityGlobals) = postSolution
		SolutionGuid = {93BF270D-57CE-4BDB-9362-E40C6B8B7D44}
	EndGlobalSection
EndGlobal
